
Microsoft Visual Studio Solution File, Format Version 12.00
# Visual Studio Version 17
VisualStudioVersion = 17.14.36310.24
MinimumVisualStudioVersion = 10.0.40219.1
Project("{FAE04EC0-301F-11D3-BF4B-00C04F79EFBC}") = "BDH.Core.Line.Console", "BDH.Core.Line.Console\BDH.Core.Line.Console.csproj", "{B488B1D1-BE00-48D2-8C7E-CB280523B274}"
EndProject
Global
	GlobalSection(SolutionConfigurationPlatforms) = preSolution
		Debug|Any CPU = Debug|Any CPU
		Release|Any CPU = Release|Any CPU
	EndGlobalSection
	GlobalSection(ProjectConfigurationPlatforms) = postSolution
		{B488B1D1-BE00-48D2-8C7E-CB280523B274}.Debug|Any CPU.ActiveCfg = Debug|Any CPU
		{B488B1D1-BE00-48D2-8C7E-CB280523B274}.Debug|Any CPU.Build.0 = Debug|Any CPU
		{B488B1D1-BE00-48D2-8C7E-CB280523B274}.Release|Any CPU.ActiveCfg = Release|Any CPU
		{B488B1D1-BE00-48D2-8C7E-CB280523B274}.Release|Any CPU.Build.0 = Release|Any CPU
	EndGlobalSection
	GlobalSection(SolutionProperties) = preSolution
		HideSolutionNode = FALSE
	EndGlobalSection
	GlobalSection(ExtensibilityGlobals) = postSolution
		SolutionGuid = {4BC3136C-5B63-41DD-9B3F-4CFDB31F7C1B}
	EndGlobalSection
EndGlobal
